
Microsoft Visual Studio Solution File, Format Version 12.00
# Visual Studio Version 17
VisualStudioVersion = 17.8.34511.84
MinimumVisualStudioVersion = 10.0.40219.1
Project("{FAE04EC0-301F-11D3-BF4B-00C04F79EFBC}") = "ExercicioForeach", "ExercicioForeach.csproj", "{72F8FCDC-157C-42E6-8D8E-07F8D83C4907}"
EndProject
Global
	GlobalSection(SolutionConfigurationPlatforms) = preSolution
		Debug|Any CPU = Debug|Any CPU
		Release|Any CPU = Release|Any CPU
	EndGlobalSection
	GlobalSection(ProjectConfigurationPlatforms) = postSolution
		{72F8FCDC-157C-42E6-8D8E-07F8D83C4907}.Debug|Any CPU.ActiveCfg = Debug|Any CPU
		{72F8FCDC-157C-42E6-8D8E-07F8D83C4907}.Debug|Any CPU.Build.0 = Debug|Any CPU
		{72F8FCDC-157C-42E6-8D8E-07F8D83C4907}.Release|Any CPU.ActiveCfg = Release|Any CPU
		{72F8FCDC-157C-42E6-8D8E-07F8D83C4907}.Release|Any CPU.Build.0 = Release|Any CPU
	EndGlobalSection
	GlobalSection(SolutionProperties) = preSolution
		HideSolutionNode = FALSE
	EndGlobalSection
	GlobalSection(ExtensibilityGlobals) = postSolution
		SolutionGuid = {75FCFF81-E3C3-4B70-8669-608D87D5ACA4}
	EndGlobalSection
EndGlobal
